
Microsoft Visual Studio Solution File, Format Version 12.00
# Visual Studio Version 16
VisualStudioVersion = 16.0.30114.105
MinimumVisualStudioVersion = 10.0.40219.1
Project("{FAE04EC0-301F-11D3-BF4B-00C04F79EFBC}") = "CV19", "CV19\CV19.csproj", "{C6C8868B-2099-4431-A853-44C60E047D57}"
EndProject
Project("{2150E333-8FDC-42A3-9474-1A3956D46DE8}") = "Tests", "Tests", "{56DC6258-E883-4351-910F-3B434777874B}"
EndProject
Project("{FAE04EC0-301F-11D3-BF4B-00C04F79EFBC}") = "CV19Console", "Tests\CV19Console\CV19Console.csproj", "{81FD0785-027B-495E-A433-C7BEF42F1648}"
EndProject
Project("{FAE04EC0-301F-11D3-BF4B-00C04F79EFBC}") = "CV19WPF", "Tests\CV19WPF\CV19WPF.csproj", "{FA2047DA-B2AA-4A5E-9099-0DC12D25D90D}"
EndProject
Project("{FAE04EC0-301F-11D3-BF4B-00C04F79EFBC}") = "TestLib", "Tests\TestLib\TestLib.csproj", "{A4E6F8B9-8504-4093-8ABC-60BD2387778F}"
EndProject
Project("{FAE04EC0-301F-11D3-BF4B-00C04F79EFBC}") = "TestLibFrameworl", "Tests\TestLibFrameworl\TestLibFrameworl.csproj", "{6FC2A8E2-364C-4645-B513-1EABABF4CAB6}"
EndProject
Global
	GlobalSection(SolutionConfigurationPlatforms) = preSolution
		Debug|Any CPU = Debug|Any CPU
		Release|Any CPU = Release|Any CPU
	EndGlobalSection
	GlobalSection(ProjectConfigurationPlatforms) = postSolution
		{C6C8868B-2099-4431-A853-44C60E047D57}.Debug|Any CPU.ActiveCfg = Debug|Any CPU
		{C6C8868B-2099-4431-A853-44C60E047D57}.Debug|Any CPU.Build.0 = Debug|Any CPU
		{C6C8868B-2099-4431-A853-44C60E047D57}.Release|Any CPU.ActiveCfg = Release|Any CPU
		{C6C8868B-2099-4431-A853-44C60E047D57}.Release|Any CPU.Build.0 = Release|Any CPU
		{81FD0785-027B-495E-A433-C7BEF42F1648}.Debug|Any CPU.ActiveCfg = Debug|Any CPU
		{81FD0785-027B-495E-A433-C7BEF42F1648}.Debug|Any CPU.Build.0 = Debug|Any CPU
		{81FD0785-027B-495E-A433-C7BEF42F1648}.Release|Any CPU.ActiveCfg = Release|Any CPU
		{81FD0785-027B-495E-A433-C7BEF42F1648}.Release|Any CPU.Build.0 = Release|Any CPU
		{FA2047DA-B2AA-4A5E-9099-0DC12D25D90D}.Debug|Any CPU.ActiveCfg = Debug|Any CPU
		{FA2047DA-B2AA-4A5E-9099-0DC12D25D90D}.Debug|Any CPU.Build.0 = Debug|Any CPU
		{FA2047DA-B2AA-4A5E-9099-0DC12D25D90D}.Release|Any CPU.ActiveCfg = Release|Any CPU
		{FA2047DA-B2AA-4A5E-9099-0DC12D25D90D}.Release|Any CPU.Build.0 = Release|Any CPU
		{A4E6F8B9-8504-4093-8ABC-60BD2387778F}.Debug|Any CPU.ActiveCfg = Debug|Any CPU
		{A4E6F8B9-8504-4093-8ABC-60BD2387778F}.Debug|Any CPU.Build.0 = Debug|Any CPU
		{A4E6F8B9-8504-4093-8ABC-60BD2387778F}.Release|Any CPU.ActiveCfg = Release|Any CPU
		{A4E6F8B9-8504-4093-8ABC-60BD2387778F}.Release|Any CPU.Build.0 = Release|Any CPU
		{6FC2A8E2-364C-4645-B513-1EABABF4CAB6}.Debug|Any CPU.ActiveCfg = Debug|Any CPU
		{6FC2A8E2-364C-4645-B513-1EABABF4CAB6}.Debug|Any CPU.Build.0 = Debug|Any CPU
		{6FC2A8E2-364C-4645-B513-1EABABF4CAB6}.Release|Any CPU.ActiveCfg = Release|Any CPU
		{6FC2A8E2-364C-4645-B513-1EABABF4CAB6}.Release|Any CPU.Build.0 = Release|Any CPU
	EndGlobalSection
	GlobalSection(SolutionProperties) = preSolution
		HideSolutionNode = FALSE
	EndGlobalSection
	GlobalSection(NestedProjects) = preSolution
		{81FD0785-027B-495E-A433-C7BEF42F1648} = {56DC6258-E883-4351-910F-3B434777874B}
		{FA2047DA-B2AA-4A5E-9099-0DC12D25D90D} = {56DC6258-E883-4351-910F-3B434777874B}
		{A4E6F8B9-8504-4093-8ABC-60BD2387778F} = {56DC6258-E883-4351-910F-3B434777874B}
		{6FC2A8E2-364C-4645-B513-1EABABF4CAB6} = {56DC6258-E883-4351-910F-3B434777874B}
	EndGlobalSection
	GlobalSection(ExtensibilityGlobals) = postSolution
		SolutionGuid = {2AF896C1-1E98-4558-84E4-3215E363B254}
	EndGlobalSection
EndGlobal
